
Microsoft Visual Studio Solution File, Format Version 12.00
# Visual Studio Version 17
VisualStudioVersion = 17.4.33122.133
MinimumVisualStudioVersion = 10.0.40219.1
Project("{8BC9CEB8-8B4A-11D0-8D11-00A0C91BC942}") = "E-School", "E-School\E-School.vcxproj", "{CF2C651B-CB3D-4051-99C2-ED7B3432BFE5}"
EndProject
Global
	GlobalSection(SolutionConfigurationPlatforms) = preSolution
		Debug|x64 = Debug|x64
		Debug|x86 = Debug|x86
		Release|x64 = Release|x64
		Release|x86 = Release|x86
	EndGlobalSection
	GlobalSection(ProjectConfigurationPlatforms) = postSolution
		{CF2C651B-CB3D-4051-99C2-ED7B3432BFE5}.Debug|x64.ActiveCfg = Debug|x64
		{CF2C651B-CB3D-4051-99C2-ED7B3432BFE5}.Debug|x64.Build.0 = Debug|x64
		{CF2C651B-CB3D-4051-99C2-ED7B3432BFE5}.Debug|x86.ActiveCfg = Debug|Win32
		{CF2C651B-CB3D-4051-99C2-ED7B3432BFE5}.Debug|x86.Build.0 = Debug|Win32
		{CF2C651B-CB3D-4051-99C2-ED7B3432BFE5}.Release|x64.ActiveCfg = Release|x64
		{CF2C651B-CB3D-4051-99C2-ED7B3432BFE5}.Release|x64.Build.0 = Release|x64
		{CF2C651B-CB3D-4051-99C2-ED7B3432BFE5}.Release|x86.ActiveCfg = Release|Win32
		{CF2C651B-CB3D-4051-99C2-ED7B3432BFE5}.Release|x86.Build.0 = Release|Win32
	EndGlobalSection
	GlobalSection(SolutionProperties) = preSolution
		HideSolutionNode = FALSE
	EndGlobalSection
	GlobalSection(ExtensibilityGlobals) = postSolution
		SolutionGuid = {B48027AA-BEAF-4592-BC11-AE9C66886FFE}
	EndGlobalSection
EndGlobal
